
Microsoft Visual Studio Solution File, Format Version 11.00
# Visual Studio 2010
Project("{FAE04EC0-301F-11D3-BF4B-00C04F79EFBC}") = "Assembly-CSharp", "Assembly-CSharp.csproj", "{E93A1607-6521-74FA-3474-0D4DA02F0F99}"
EndProject
Project("{FAE04EC0-301F-11D3-BF4B-00C04F79EFBC}") = "Assembly-CSharp-firstpass", "Assembly-CSharp-firstpass.csproj", "{6C5853EF-131F-1A16-174C-17A426C60419}"
EndProject
Project("{FAE04EC0-301F-11D3-BF4B-00C04F79EFBC}") = "Assembly-CSharp-Editor", "Assembly-CSharp-Editor.csproj", "{D5F52B04-3335-BB6D-06DA-7FE12CC034F1}"
EndProject
Global
	GlobalSection(SolutionConfigurationPlatforms) = preSolution
		Debug|Any CPU = Debug|Any CPU
		Release|Any CPU = Release|Any CPU
	EndGlobalSection
	GlobalSection(ProjectConfigurationPlatforms) = postSolution
		{E93A1607-6521-74FA-3474-0D4DA02F0F99}.Debug|Any CPU.ActiveCfg = Debug|Any CPU
		{E93A1607-6521-74FA-3474-0D4DA02F0F99}.Debug|Any CPU.Build.0 = Debug|Any CPU
		{E93A1607-6521-74FA-3474-0D4DA02F0F99}.Release|Any CPU.ActiveCfg = Release|Any CPU
		{E93A1607-6521-74FA-3474-0D4DA02F0F99}.Release|Any CPU.Build.0 = Release|Any CPU
		{6C5853EF-131F-1A16-174C-17A426C60419}.Debug|Any CPU.ActiveCfg = Debug|Any CPU
		{6C5853EF-131F-1A16-174C-17A426C60419}.Debug|Any CPU.Build.0 = Debug|Any CPU
		{6C5853EF-131F-1A16-174C-17A426C60419}.Release|Any CPU.ActiveCfg = Release|Any CPU
		{6C5853EF-131F-1A16-174C-17A426C60419}.Release|Any CPU.Build.0 = Release|Any CPU
		{D5F52B04-3335-BB6D-06DA-7FE12CC034F1}.Debug|Any CPU.ActiveCfg = Debug|Any CPU
		{D5F52B04-3335-BB6D-06DA-7FE12CC034F1}.Debug|Any CPU.Build.0 = Debug|Any CPU
		{D5F52B04-3335-BB6D-06DA-7FE12CC034F1}.Release|Any CPU.ActiveCfg = Release|Any CPU
		{D5F52B04-3335-BB6D-06DA-7FE12CC034F1}.Release|Any CPU.Build.0 = Release|Any CPU
	EndGlobalSection
	GlobalSection(SolutionProperties) = preSolution
		HideSolutionNode = FALSE
	EndGlobalSection
EndGlobal
